
Microsoft Visual Studio Solution File, Format Version 12.00
# Visual Studio 15
VisualStudioVersion = 15.0.28010.2026
MinimumVisualStudioVersion = 10.0.40219.1
Project("{FAE04EC0-301F-11D3-BF4B-00C04F79EFBC}") = "MatrixOfPalindromes", "MatrixOfPalindromes\MatrixOfPalindromes.csproj", "{CDAF17C8-8F65-4D29-8B9F-813597E93C74}"
EndProject
Project("{FAE04EC0-301F-11D3-BF4B-00C04F79EFBC}") = "DiagonalDifference", "DiagonalDifference\DiagonalDifference.csproj", "{F17FE29E-FA6D-4D95-8790-8F805FBA1D7B}"
EndProject
Project("{FAE04EC0-301F-11D3-BF4B-00C04F79EFBC}") = "2x2SquaresInMatrix", "2x2SquaresInMatrix\2x2SquaresInMatrix.csproj", "{4AB7CE6C-78CF-42C7-989A-7C65CB7AC499}"
EndProject
Project("{FAE04EC0-301F-11D3-BF4B-00C04F79EFBC}") = "MaximalSum", "MaximalSum\MaximalSum.csproj", "{ACDDDE6B-D0DD-4B50-A2E5-D9419C875CD4}"
EndProject
Project("{FAE04EC0-301F-11D3-BF4B-00C04F79EFBC}") = "RubiksMatrix", "RubiksMatrix\RubiksMatrix.csproj", "{4AF8493A-1E52-4F15-8090-968C5418EFB0}"
EndProject
Project("{FAE04EC0-301F-11D3-BF4B-00C04F79EFBC}") = "TargetPractice", "TargetPractice\TargetPractice.csproj", "{0F392139-BA02-49D9-8E41-712164CD9B53}"
EndProject
Global
	GlobalSection(SolutionConfigurationPlatforms) = preSolution
		Debug|Any CPU = Debug|Any CPU
		Release|Any CPU = Release|Any CPU
	EndGlobalSection
	GlobalSection(ProjectConfigurationPlatforms) = postSolution
		{CDAF17C8-8F65-4D29-8B9F-813597E93C74}.Debug|Any CPU.ActiveCfg = Debug|Any CPU
		{CDAF17C8-8F65-4D29-8B9F-813597E93C74}.Debug|Any CPU.Build.0 = Debug|Any CPU
		{CDAF17C8-8F65-4D29-8B9F-813597E93C74}.Release|Any CPU.ActiveCfg = Release|Any CPU
		{CDAF17C8-8F65-4D29-8B9F-813597E93C74}.Release|Any CPU.Build.0 = Release|Any CPU
		{F17FE29E-FA6D-4D95-8790-8F805FBA1D7B}.Debug|Any CPU.ActiveCfg = Debug|Any CPU
		{F17FE29E-FA6D-4D95-8790-8F805FBA1D7B}.Debug|Any CPU.Build.0 = Debug|Any CPU
		{F17FE29E-FA6D-4D95-8790-8F805FBA1D7B}.Release|Any CPU.ActiveCfg = Release|Any CPU
		{F17FE29E-FA6D-4D95-8790-8F805FBA1D7B}.Release|Any CPU.Build.0 = Release|Any CPU
		{4AB7CE6C-78CF-42C7-989A-7C65CB7AC499}.Debug|Any CPU.ActiveCfg = Debug|Any CPU
		{4AB7CE6C-78CF-42C7-989A-7C65CB7AC499}.Debug|Any CPU.Build.0 = Debug|Any CPU
		{4AB7CE6C-78CF-42C7-989A-7C65CB7AC499}.Release|Any CPU.ActiveCfg = Release|Any CPU
		{4AB7CE6C-78CF-42C7-989A-7C65CB7AC499}.Release|Any CPU.Build.0 = Release|Any CPU
		{ACDDDE6B-D0DD-4B50-A2E5-D9419C875CD4}.Debug|Any CPU.ActiveCfg = Debug|Any CPU
		{ACDDDE6B-D0DD-4B50-A2E5-D9419C875CD4}.Debug|Any CPU.Build.0 = Debug|Any CPU
		{ACDDDE6B-D0DD-4B50-A2E5-D9419C875CD4}.Release|Any CPU.ActiveCfg = Release|Any CPU
		{ACDDDE6B-D0DD-4B50-A2E5-D9419C875CD4}.Release|Any CPU.Build.0 = Release|Any CPU
		{4AF8493A-1E52-4F15-8090-968C5418EFB0}.Debug|Any CPU.ActiveCfg = Debug|Any CPU
		{4AF8493A-1E52-4F15-8090-968C5418EFB0}.Debug|Any CPU.Build.0 = Debug|Any CPU
		{4AF8493A-1E52-4F15-8090-968C5418EFB0}.Release|Any CPU.ActiveCfg = Release|Any CPU
		{4AF8493A-1E52-4F15-8090-968C5418EFB0}.Release|Any CPU.Build.0 = Release|Any CPU
		{0F392139-BA02-49D9-8E41-712164CD9B53}.Debug|Any CPU.ActiveCfg = Debug|Any CPU
		{0F392139-BA02-49D9-8E41-712164CD9B53}.Debug|Any CPU.Build.0 = Debug|Any CPU
		{0F392139-BA02-49D9-8E41-712164CD9B53}.Release|Any CPU.ActiveCfg = Release|Any CPU
		{0F392139-BA02-49D9-8E41-712164CD9B53}.Release|Any CPU.Build.0 = Release|Any CPU
	EndGlobalSection
	GlobalSection(SolutionProperties) = preSolution
		HideSolutionNode = FALSE
	EndGlobalSection
	GlobalSection(ExtensibilityGlobals) = postSolution
		SolutionGuid = {4CB0F4FA-CFE7-42F0-9270-4C4EFD0D7F76}
	EndGlobalSection
EndGlobal
