
Microsoft Visual Studio Solution File, Format Version 12.00
# Visual Studio 15
VisualStudioVersion = 15.0.28010.2046
MinimumVisualStudioVersion = 10.0.40219.1
Project("{FAE04EC0-301F-11D3-BF4B-00C04F79EFBC}") = "StorageMaster", "StorageMaster\StorageMaster.csproj", "{D483020A-13F3-40AA-84D4-A8D4865EE81E}"
EndProject
Global
	GlobalSection(SolutionConfigurationPlatforms) = preSolution
		Debug|Any CPU = Debug|Any CPU
		Release|Any CPU = Release|Any CPU
	EndGlobalSection
	GlobalSection(ProjectConfigurationPlatforms) = postSolution
		{D483020A-13F3-40AA-84D4-A8D4865EE81E}.Debug|Any CPU.ActiveCfg = Debug|Any CPU
		{D483020A-13F3-40AA-84D4-A8D4865EE81E}.Debug|Any CPU.Build.0 = Debug|Any CPU
		{D483020A-13F3-40AA-84D4-A8D4865EE81E}.Release|Any CPU.ActiveCfg = Release|Any CPU
		{D483020A-13F3-40AA-84D4-A8D4865EE81E}.Release|Any CPU.Build.0 = Release|Any CPU
	EndGlobalSection
	GlobalSection(SolutionProperties) = preSolution
		HideSolutionNode = FALSE
	EndGlobalSection
	GlobalSection(ExtensibilityGlobals) = postSolution
		SolutionGuid = {EC33CEB3-0A24-428E-B56F-DA0EE5BA2409}
	EndGlobalSection
EndGlobal
