
Microsoft Visual Studio Solution File, Format Version 12.00
# Visual Studio 15
VisualStudioVersion = 15.0.28010.2046
MinimumVisualStudioVersion = 10.0.40219.1
Project("{FAE04EC0-301F-11D3-BF4B-00C04F79EFBC}") = "VehiclesExtension", "VehiclesExtension\VehiclesExtension.csproj", "{1504A7A5-B9BC-4AF2-9005-91A412B5E1B7}"
EndProject
Global
	GlobalSection(SolutionConfigurationPlatforms) = preSolution
		Debug|Any CPU = Debug|Any CPU
		Release|Any CPU = Release|Any CPU
	EndGlobalSection
	GlobalSection(ProjectConfigurationPlatforms) = postSolution
		{1504A7A5-B9BC-4AF2-9005-91A412B5E1B7}.Debug|Any CPU.ActiveCfg = Debug|Any CPU
		{1504A7A5-B9BC-4AF2-9005-91A412B5E1B7}.Debug|Any CPU.Build.0 = Debug|Any CPU
		{1504A7A5-B9BC-4AF2-9005-91A412B5E1B7}.Release|Any CPU.ActiveCfg = Release|Any CPU
		{1504A7A5-B9BC-4AF2-9005-91A412B5E1B7}.Release|Any CPU.Build.0 = Release|Any CPU
	EndGlobalSection
	GlobalSection(SolutionProperties) = preSolution
		HideSolutionNode = FALSE
	EndGlobalSection
	GlobalSection(ExtensibilityGlobals) = postSolution
		SolutionGuid = {41B89307-37A4-4E84-8065-9834FD4E4ADE}
	EndGlobalSection
EndGlobal
