
Microsoft Visual Studio Solution File, Format Version 12.00
# Visual Studio 15
VisualStudioVersion = 15.0.27428.2043
MinimumVisualStudioVersion = 10.0.40219.1
Project("{FAE04EC0-301F-11D3-BF4B-00C04F79EFBC}") = "ReverseString", "ReverseString\ReverseString.csproj", "{F2568664-4C75-4FD5-823A-034928E304CF}"
EndProject
Project("{FAE04EC0-301F-11D3-BF4B-00C04F79EFBC}") = "SimpleCalculator", "SimpleCalculator\SimpleCalculator.csproj", "{9D6819A1-5CAA-4C63-BD76-48366068C57B}"
EndProject
Project("{FAE04EC0-301F-11D3-BF4B-00C04F79EFBC}") = "DecimalToBinaryConverter", "DecimalToBinaryConverter\DecimalToBinaryConverter.csproj", "{897E4BA6-AFB2-4C5A-A63C-F7DEA87B5D5C}"
EndProject
Project("{FAE04EC0-301F-11D3-BF4B-00C04F79EFBC}") = "MatchingBrackets", "MatchingBrackets\MatchingBrackets.csproj", "{F4F3AD88-3C52-438C-B4D6-D516D8FC59FC}"
EndProject
Project("{FAE04EC0-301F-11D3-BF4B-00C04F79EFBC}") = "HotPotato", "HotPotato\HotPotato.csproj", "{A4D9DE0A-F971-436E-B586-4680D827CF58}"
EndProject
Project("{FAE04EC0-301F-11D3-BF4B-00C04F79EFBC}") = "TraficJam", "TraficJam\TraficJam.csproj", "{2A9AC9EB-F0BF-430C-9D1D-A4DAA7943730}"
EndProject
Global
	GlobalSection(SolutionConfigurationPlatforms) = preSolution
		Debug|Any CPU = Debug|Any CPU
		Release|Any CPU = Release|Any CPU
	EndGlobalSection
	GlobalSection(ProjectConfigurationPlatforms) = postSolution
		{F2568664-4C75-4FD5-823A-034928E304CF}.Debug|Any CPU.ActiveCfg = Debug|Any CPU
		{F2568664-4C75-4FD5-823A-034928E304CF}.Debug|Any CPU.Build.0 = Debug|Any CPU
		{F2568664-4C75-4FD5-823A-034928E304CF}.Release|Any CPU.ActiveCfg = Release|Any CPU
		{F2568664-4C75-4FD5-823A-034928E304CF}.Release|Any CPU.Build.0 = Release|Any CPU
		{9D6819A1-5CAA-4C63-BD76-48366068C57B}.Debug|Any CPU.ActiveCfg = Debug|Any CPU
		{9D6819A1-5CAA-4C63-BD76-48366068C57B}.Debug|Any CPU.Build.0 = Debug|Any CPU
		{9D6819A1-5CAA-4C63-BD76-48366068C57B}.Release|Any CPU.ActiveCfg = Release|Any CPU
		{9D6819A1-5CAA-4C63-BD76-48366068C57B}.Release|Any CPU.Build.0 = Release|Any CPU
		{897E4BA6-AFB2-4C5A-A63C-F7DEA87B5D5C}.Debug|Any CPU.ActiveCfg = Debug|Any CPU
		{897E4BA6-AFB2-4C5A-A63C-F7DEA87B5D5C}.Debug|Any CPU.Build.0 = Debug|Any CPU
		{897E4BA6-AFB2-4C5A-A63C-F7DEA87B5D5C}.Release|Any CPU.ActiveCfg = Release|Any CPU
		{897E4BA6-AFB2-4C5A-A63C-F7DEA87B5D5C}.Release|Any CPU.Build.0 = Release|Any CPU
		{F4F3AD88-3C52-438C-B4D6-D516D8FC59FC}.Debug|Any CPU.ActiveCfg = Debug|Any CPU
		{F4F3AD88-3C52-438C-B4D6-D516D8FC59FC}.Debug|Any CPU.Build.0 = Debug|Any CPU
		{F4F3AD88-3C52-438C-B4D6-D516D8FC59FC}.Release|Any CPU.ActiveCfg = Release|Any CPU
		{F4F3AD88-3C52-438C-B4D6-D516D8FC59FC}.Release|Any CPU.Build.0 = Release|Any CPU
		{A4D9DE0A-F971-436E-B586-4680D827CF58}.Debug|Any CPU.ActiveCfg = Debug|Any CPU
		{A4D9DE0A-F971-436E-B586-4680D827CF58}.Debug|Any CPU.Build.0 = Debug|Any CPU
		{A4D9DE0A-F971-436E-B586-4680D827CF58}.Release|Any CPU.ActiveCfg = Release|Any CPU
		{A4D9DE0A-F971-436E-B586-4680D827CF58}.Release|Any CPU.Build.0 = Release|Any CPU
		{2A9AC9EB-F0BF-430C-9D1D-A4DAA7943730}.Debug|Any CPU.ActiveCfg = Debug|Any CPU
		{2A9AC9EB-F0BF-430C-9D1D-A4DAA7943730}.Debug|Any CPU.Build.0 = Debug|Any CPU
		{2A9AC9EB-F0BF-430C-9D1D-A4DAA7943730}.Release|Any CPU.ActiveCfg = Release|Any CPU
		{2A9AC9EB-F0BF-430C-9D1D-A4DAA7943730}.Release|Any CPU.Build.0 = Release|Any CPU
	EndGlobalSection
	GlobalSection(SolutionProperties) = preSolution
		HideSolutionNode = FALSE
	EndGlobalSection
	GlobalSection(ExtensibilityGlobals) = postSolution
		SolutionGuid = {26B32BBB-1D33-4766-A604-ABA5E2C73E7E}
	EndGlobalSection
EndGlobal
