
Microsoft Visual Studio Solution File, Format Version 12.00
# Visual Studio 15
VisualStudioVersion = 15.0.28010.2046
MinimumVisualStudioVersion = 10.0.40219.1
Project("{FAE04EC0-301F-11D3-BF4B-00C04F79EFBC}") = "SortPersonsByNameAndAge", "SortPersonsByNameAndAge\SortPersonsByNameAndAge.csproj", "{A9A52F9B-689E-4B3B-B3EE-3AF5ACAC8228}"
EndProject
Project("{FAE04EC0-301F-11D3-BF4B-00C04F79EFBC}") = "SalaryIncrease", "SalaryIncrease\SalaryIncrease.csproj", "{AF61AA10-7022-468A-A399-0BDC68207F40}"
EndProject
Project("{FAE04EC0-301F-11D3-BF4B-00C04F79EFBC}") = "FirstAndReserveTeam", "ValidationOfData\FirstAndReserveTeam.csproj", "{EB0613AF-6220-4271-9899-26A7857E7352}"
EndProject
Project("{FAE04EC0-301F-11D3-BF4B-00C04F79EFBC}") = "ValidationData", "ValidationData\ValidationData.csproj", "{7A6578B7-5E7E-4205-8D1F-6682F495DFBD}"
EndProject
Global
	GlobalSection(SolutionConfigurationPlatforms) = preSolution
		Debug|Any CPU = Debug|Any CPU
		Release|Any CPU = Release|Any CPU
	EndGlobalSection
	GlobalSection(ProjectConfigurationPlatforms) = postSolution
		{A9A52F9B-689E-4B3B-B3EE-3AF5ACAC8228}.Debug|Any CPU.ActiveCfg = Debug|Any CPU
		{A9A52F9B-689E-4B3B-B3EE-3AF5ACAC8228}.Debug|Any CPU.Build.0 = Debug|Any CPU
		{A9A52F9B-689E-4B3B-B3EE-3AF5ACAC8228}.Release|Any CPU.ActiveCfg = Release|Any CPU
		{A9A52F9B-689E-4B3B-B3EE-3AF5ACAC8228}.Release|Any CPU.Build.0 = Release|Any CPU
		{AF61AA10-7022-468A-A399-0BDC68207F40}.Debug|Any CPU.ActiveCfg = Debug|Any CPU
		{AF61AA10-7022-468A-A399-0BDC68207F40}.Debug|Any CPU.Build.0 = Debug|Any CPU
		{AF61AA10-7022-468A-A399-0BDC68207F40}.Release|Any CPU.ActiveCfg = Release|Any CPU
		{AF61AA10-7022-468A-A399-0BDC68207F40}.Release|Any CPU.Build.0 = Release|Any CPU
		{EB0613AF-6220-4271-9899-26A7857E7352}.Debug|Any CPU.ActiveCfg = Debug|Any CPU
		{EB0613AF-6220-4271-9899-26A7857E7352}.Debug|Any CPU.Build.0 = Debug|Any CPU
		{EB0613AF-6220-4271-9899-26A7857E7352}.Release|Any CPU.ActiveCfg = Release|Any CPU
		{EB0613AF-6220-4271-9899-26A7857E7352}.Release|Any CPU.Build.0 = Release|Any CPU
		{7A6578B7-5E7E-4205-8D1F-6682F495DFBD}.Debug|Any CPU.ActiveCfg = Debug|Any CPU
		{7A6578B7-5E7E-4205-8D1F-6682F495DFBD}.Debug|Any CPU.Build.0 = Debug|Any CPU
		{7A6578B7-5E7E-4205-8D1F-6682F495DFBD}.Release|Any CPU.ActiveCfg = Release|Any CPU
		{7A6578B7-5E7E-4205-8D1F-6682F495DFBD}.Release|Any CPU.Build.0 = Release|Any CPU
	EndGlobalSection
	GlobalSection(SolutionProperties) = preSolution
		HideSolutionNode = FALSE
	EndGlobalSection
	GlobalSection(ExtensibilityGlobals) = postSolution
		SolutionGuid = {0EE6AEA0-A7F2-4E35-8433-F6D940E14D27}
	EndGlobalSection
EndGlobal
