
Microsoft Visual Studio Solution File, Format Version 12.00
# Visual Studio 15
VisualStudioVersion = 15.0.27703.2042
MinimumVisualStudioVersion = 10.0.40219.1
Project("{FAE04EC0-301F-11D3-BF4B-00C04F79EFBC}") = "RhombusOfStars", "RhombusOfStars\RhombusOfStars.csproj", "{E92DA47C-0C89-46BD-BBFF-4E7B690F431A}"
EndProject
Global
	GlobalSection(SolutionConfigurationPlatforms) = preSolution
		Debug|Any CPU = Debug|Any CPU
		Release|Any CPU = Release|Any CPU
	EndGlobalSection
	GlobalSection(ProjectConfigurationPlatforms) = postSolution
		{E92DA47C-0C89-46BD-BBFF-4E7B690F431A}.Debug|Any CPU.ActiveCfg = Debug|Any CPU
		{E92DA47C-0C89-46BD-BBFF-4E7B690F431A}.Debug|Any CPU.Build.0 = Debug|Any CPU
		{E92DA47C-0C89-46BD-BBFF-4E7B690F431A}.Release|Any CPU.ActiveCfg = Release|Any CPU
		{E92DA47C-0C89-46BD-BBFF-4E7B690F431A}.Release|Any CPU.Build.0 = Release|Any CPU
	EndGlobalSection
	GlobalSection(SolutionProperties) = preSolution
		HideSolutionNode = FALSE
	EndGlobalSection
	GlobalSection(ExtensibilityGlobals) = postSolution
		SolutionGuid = {4567B7B9-083B-46F5-95DC-E7D667EC2BC4}
	EndGlobalSection
EndGlobal
