
Microsoft Visual Studio Solution File, Format Version 12.00
# Visual Studio 15
VisualStudioVersion = 15.0.28010.2046
MinimumVisualStudioVersion = 10.0.40219.1
Project("{9A19103F-16F7-4668-BE54-9A1E7A4F7556}") = "RawData", "RawData\RawData.csproj", "{E765D137-1B36-4862-A74E-EB721507D0A1}"
EndProject
Project("{FAE04EC0-301F-11D3-BF4B-00C04F79EFBC}") = "RectangleIntersection", "RectangleIntersection\RectangleIntersection.csproj", "{45C0D936-C3D8-435B-B58C-D575544105BC}"
EndProject
Project("{FAE04EC0-301F-11D3-BF4B-00C04F79EFBC}") = "CarSalesman", "CarSalesman\CarSalesman.csproj", "{76387147-1BB4-41C9-B7CA-78C8E06517DB}"
EndProject
Project("{FAE04EC0-301F-11D3-BF4B-00C04F79EFBC}") = "PokemonTrainer", "PokemonTrainer\PokemonTrainer.csproj", "{7FDDF61E-7B01-4D78-9383-EDDECDC76CD4}"
EndProject
Global
	GlobalSection(SolutionConfigurationPlatforms) = preSolution
		Debug|Any CPU = Debug|Any CPU
		Release|Any CPU = Release|Any CPU
	EndGlobalSection
	GlobalSection(ProjectConfigurationPlatforms) = postSolution
		{E765D137-1B36-4862-A74E-EB721507D0A1}.Debug|Any CPU.ActiveCfg = Debug|Any CPU
		{E765D137-1B36-4862-A74E-EB721507D0A1}.Debug|Any CPU.Build.0 = Debug|Any CPU
		{E765D137-1B36-4862-A74E-EB721507D0A1}.Release|Any CPU.ActiveCfg = Release|Any CPU
		{E765D137-1B36-4862-A74E-EB721507D0A1}.Release|Any CPU.Build.0 = Release|Any CPU
		{45C0D936-C3D8-435B-B58C-D575544105BC}.Debug|Any CPU.ActiveCfg = Debug|Any CPU
		{45C0D936-C3D8-435B-B58C-D575544105BC}.Debug|Any CPU.Build.0 = Debug|Any CPU
		{45C0D936-C3D8-435B-B58C-D575544105BC}.Release|Any CPU.ActiveCfg = Release|Any CPU
		{45C0D936-C3D8-435B-B58C-D575544105BC}.Release|Any CPU.Build.0 = Release|Any CPU
		{76387147-1BB4-41C9-B7CA-78C8E06517DB}.Debug|Any CPU.ActiveCfg = Debug|Any CPU
		{76387147-1BB4-41C9-B7CA-78C8E06517DB}.Debug|Any CPU.Build.0 = Debug|Any CPU
		{76387147-1BB4-41C9-B7CA-78C8E06517DB}.Release|Any CPU.ActiveCfg = Release|Any CPU
		{76387147-1BB4-41C9-B7CA-78C8E06517DB}.Release|Any CPU.Build.0 = Release|Any CPU
		{7FDDF61E-7B01-4D78-9383-EDDECDC76CD4}.Debug|Any CPU.ActiveCfg = Debug|Any CPU
		{7FDDF61E-7B01-4D78-9383-EDDECDC76CD4}.Debug|Any CPU.Build.0 = Debug|Any CPU
		{7FDDF61E-7B01-4D78-9383-EDDECDC76CD4}.Release|Any CPU.ActiveCfg = Release|Any CPU
		{7FDDF61E-7B01-4D78-9383-EDDECDC76CD4}.Release|Any CPU.Build.0 = Release|Any CPU
	EndGlobalSection
	GlobalSection(SolutionProperties) = preSolution
		HideSolutionNode = FALSE
	EndGlobalSection
	GlobalSection(ExtensibilityGlobals) = postSolution
		SolutionGuid = {55FEE8A9-CA6B-45A6-AC75-37D8CA934654}
	EndGlobalSection
EndGlobal
