
Microsoft Visual Studio Solution File, Format Version 12.00
# Visual Studio 15
VisualStudioVersion = 15.0.27703.2042
MinimumVisualStudioVersion = 10.0.40219.1
Project("{9A19103F-16F7-4668-BE54-9A1E7A4F7556}") = "Multidimensional Arrays - Lab", "Multidimensional Arrays - Lab\Multidimensional Arrays - Lab.csproj", "{12110970-AA32-4D17-8E41-822789E08300}"
EndProject
Project("{FAE04EC0-301F-11D3-BF4B-00C04F79EFBC}") = "SquareWithMaxSum", "SquareWithMaxSum\SquareWithMaxSum.csproj", "{1A8D26D9-06E2-40CA-A39E-73DB896FA332}"
EndProject
Global
	GlobalSection(SolutionConfigurationPlatforms) = preSolution
		Debug|Any CPU = Debug|Any CPU
		Release|Any CPU = Release|Any CPU
	EndGlobalSection
	GlobalSection(ProjectConfigurationPlatforms) = postSolution
		{12110970-AA32-4D17-8E41-822789E08300}.Debug|Any CPU.ActiveCfg = Debug|Any CPU
		{12110970-AA32-4D17-8E41-822789E08300}.Debug|Any CPU.Build.0 = Debug|Any CPU
		{12110970-AA32-4D17-8E41-822789E08300}.Release|Any CPU.ActiveCfg = Release|Any CPU
		{12110970-AA32-4D17-8E41-822789E08300}.Release|Any CPU.Build.0 = Release|Any CPU
		{1A8D26D9-06E2-40CA-A39E-73DB896FA332}.Debug|Any CPU.ActiveCfg = Debug|Any CPU
		{1A8D26D9-06E2-40CA-A39E-73DB896FA332}.Debug|Any CPU.Build.0 = Debug|Any CPU
		{1A8D26D9-06E2-40CA-A39E-73DB896FA332}.Release|Any CPU.ActiveCfg = Release|Any CPU
		{1A8D26D9-06E2-40CA-A39E-73DB896FA332}.Release|Any CPU.Build.0 = Release|Any CPU
	EndGlobalSection
	GlobalSection(SolutionProperties) = preSolution
		HideSolutionNode = FALSE
	EndGlobalSection
	GlobalSection(ExtensibilityGlobals) = postSolution
		SolutionGuid = {BDE942B3-748E-4EDB-BD85-724B21F1409C}
	EndGlobalSection
EndGlobal
