
Microsoft Visual Studio Solution File, Format Version 12.00
# Visual Studio 15
VisualStudioVersion = 15.0.27703.2042
MinimumVisualStudioVersion = 10.0.40219.1
Project("{9A19103F-16F7-4668-BE54-9A1E7A4F7556}") = "SquareWithMaxSum", "SquareWithMaxSum\SquareWithMaxSum.csproj", "{1A8D26D9-06E2-40CA-A39E-73DB896FA332}"
EndProject
Project("{FAE04EC0-301F-11D3-BF4B-00C04F79EFBC}") = "PrintingTwoDimensionMatrix", "PrintingTwoDimensionMatrix\PrintingTwoDimensionMatrix.csproj", "{8A7F5EAF-CE6D-4628-8DD1-2D7FAFC9DB15}"
EndProject
Project("{FAE04EC0-301F-11D3-BF4B-00C04F79EFBC}") = "SumMatrixElements", "SumMatrixElements\SumMatrixElements.csproj", "{316C5FA9-0C67-471E-AEB6-02998B7403FA}"
EndProject
Project("{FAE04EC0-301F-11D3-BF4B-00C04F79EFBC}") = "GroupNumbers", "GroupNumbers\GroupNumbers.csproj", "{5E1EEAE2-A2AA-4FFF-BFA4-478262E05262}"
EndProject
Project("{FAE04EC0-301F-11D3-BF4B-00C04F79EFBC}") = "PascalTriangle", "PascalTriangle\PascalTriangle.csproj", "{F6CE12BF-8767-4388-9165-28400289D24F}"
EndProject
Global
	GlobalSection(SolutionConfigurationPlatforms) = preSolution
		Debug|Any CPU = Debug|Any CPU
		Release|Any CPU = Release|Any CPU
	EndGlobalSection
	GlobalSection(ProjectConfigurationPlatforms) = postSolution
		{1A8D26D9-06E2-40CA-A39E-73DB896FA332}.Debug|Any CPU.ActiveCfg = Debug|Any CPU
		{1A8D26D9-06E2-40CA-A39E-73DB896FA332}.Debug|Any CPU.Build.0 = Debug|Any CPU
		{1A8D26D9-06E2-40CA-A39E-73DB896FA332}.Release|Any CPU.ActiveCfg = Release|Any CPU
		{1A8D26D9-06E2-40CA-A39E-73DB896FA332}.Release|Any CPU.Build.0 = Release|Any CPU
		{8A7F5EAF-CE6D-4628-8DD1-2D7FAFC9DB15}.Debug|Any CPU.ActiveCfg = Debug|Any CPU
		{8A7F5EAF-CE6D-4628-8DD1-2D7FAFC9DB15}.Debug|Any CPU.Build.0 = Debug|Any CPU
		{8A7F5EAF-CE6D-4628-8DD1-2D7FAFC9DB15}.Release|Any CPU.ActiveCfg = Release|Any CPU
		{8A7F5EAF-CE6D-4628-8DD1-2D7FAFC9DB15}.Release|Any CPU.Build.0 = Release|Any CPU
		{316C5FA9-0C67-471E-AEB6-02998B7403FA}.Debug|Any CPU.ActiveCfg = Debug|Any CPU
		{316C5FA9-0C67-471E-AEB6-02998B7403FA}.Debug|Any CPU.Build.0 = Debug|Any CPU
		{316C5FA9-0C67-471E-AEB6-02998B7403FA}.Release|Any CPU.ActiveCfg = Release|Any CPU
		{316C5FA9-0C67-471E-AEB6-02998B7403FA}.Release|Any CPU.Build.0 = Release|Any CPU
		{5E1EEAE2-A2AA-4FFF-BFA4-478262E05262}.Debug|Any CPU.ActiveCfg = Debug|Any CPU
		{5E1EEAE2-A2AA-4FFF-BFA4-478262E05262}.Debug|Any CPU.Build.0 = Debug|Any CPU
		{5E1EEAE2-A2AA-4FFF-BFA4-478262E05262}.Release|Any CPU.ActiveCfg = Release|Any CPU
		{5E1EEAE2-A2AA-4FFF-BFA4-478262E05262}.Release|Any CPU.Build.0 = Release|Any CPU
		{F6CE12BF-8767-4388-9165-28400289D24F}.Debug|Any CPU.ActiveCfg = Debug|Any CPU
		{F6CE12BF-8767-4388-9165-28400289D24F}.Debug|Any CPU.Build.0 = Debug|Any CPU
		{F6CE12BF-8767-4388-9165-28400289D24F}.Release|Any CPU.ActiveCfg = Release|Any CPU
		{F6CE12BF-8767-4388-9165-28400289D24F}.Release|Any CPU.Build.0 = Release|Any CPU
	EndGlobalSection
	GlobalSection(SolutionProperties) = preSolution
		HideSolutionNode = FALSE
	EndGlobalSection
	GlobalSection(ExtensibilityGlobals) = postSolution
		SolutionGuid = {BDE942B3-748E-4EDB-BD85-724B21F1409C}
	EndGlobalSection
EndGlobal
