
Microsoft Visual Studio Solution File, Format Version 12.00
# Visual Studio 15
VisualStudioVersion = 15.0.28010.2046
MinimumVisualStudioVersion = 10.0.40219.1
Project("{FAE04EC0-301F-11D3-BF4B-00C04F79EFBC}") = "GrandPrix", "GrandPrix\GrandPrix.csproj", "{A2662E5D-97A2-4921-B889-C019FC438B4F}"
EndProject
Global
	GlobalSection(SolutionConfigurationPlatforms) = preSolution
		Debug|Any CPU = Debug|Any CPU
		Release|Any CPU = Release|Any CPU
	EndGlobalSection
	GlobalSection(ProjectConfigurationPlatforms) = postSolution
		{A2662E5D-97A2-4921-B889-C019FC438B4F}.Debug|Any CPU.ActiveCfg = Debug|Any CPU
		{A2662E5D-97A2-4921-B889-C019FC438B4F}.Debug|Any CPU.Build.0 = Debug|Any CPU
		{A2662E5D-97A2-4921-B889-C019FC438B4F}.Release|Any CPU.ActiveCfg = Release|Any CPU
		{A2662E5D-97A2-4921-B889-C019FC438B4F}.Release|Any CPU.Build.0 = Release|Any CPU
	EndGlobalSection
	GlobalSection(SolutionProperties) = preSolution
		HideSolutionNode = FALSE
	EndGlobalSection
	GlobalSection(ExtensibilityGlobals) = postSolution
		SolutionGuid = {1C6E8F0B-0F8B-49E1-9F42-E8CDC88640CD}
	EndGlobalSection
EndGlobal
