
Microsoft Visual Studio Solution File, Format Version 12.00
# Visual Studio 15
VisualStudioVersion = 15.0.28010.2046
MinimumVisualStudioVersion = 10.0.40219.1
Project("{FAE04EC0-301F-11D3-BF4B-00C04F79EFBC}") = "DungeonsAndCodeWizards", "DungeonsAndCodeWizards\DungeonsAndCodeWizards.csproj", "{967B3821-3A94-46C0-B17F-CE2BC2A5898B}"
EndProject
Global
	GlobalSection(SolutionConfigurationPlatforms) = preSolution
		Debug|Any CPU = Debug|Any CPU
		Release|Any CPU = Release|Any CPU
	EndGlobalSection
	GlobalSection(ProjectConfigurationPlatforms) = postSolution
		{967B3821-3A94-46C0-B17F-CE2BC2A5898B}.Debug|Any CPU.ActiveCfg = Debug|Any CPU
		{967B3821-3A94-46C0-B17F-CE2BC2A5898B}.Debug|Any CPU.Build.0 = Debug|Any CPU
		{967B3821-3A94-46C0-B17F-CE2BC2A5898B}.Release|Any CPU.ActiveCfg = Release|Any CPU
		{967B3821-3A94-46C0-B17F-CE2BC2A5898B}.Release|Any CPU.Build.0 = Release|Any CPU
	EndGlobalSection
	GlobalSection(SolutionProperties) = preSolution
		HideSolutionNode = FALSE
	EndGlobalSection
	GlobalSection(ExtensibilityGlobals) = postSolution
		SolutionGuid = {E23AFDFA-D931-4057-8474-FDEA31133744}
	EndGlobalSection
EndGlobal
