
Microsoft Visual Studio Solution File, Format Version 12.00
# Visual Studio 15
VisualStudioVersion = 15.0.28010.2046
MinimumVisualStudioVersion = 10.0.40219.1
Project("{FAE04EC0-301F-11D3-BF4B-00C04F79EFBC}") = "Weekdays", "ConsoleApp1\Weekdays.csproj", "{0A4475A4-B48C-46F3-8533-242C89E9262C}"
EndProject
Project("{FAE04EC0-301F-11D3-BF4B-00C04F79EFBC}") = "CofeeMachine", "CofeeMachine\CofeeMachine.csproj", "{468A7490-F9A9-4353-861A-C4AA2C39C995}"
EndProject
Global
	GlobalSection(SolutionConfigurationPlatforms) = preSolution
		Debug|Any CPU = Debug|Any CPU
		Release|Any CPU = Release|Any CPU
	EndGlobalSection
	GlobalSection(ProjectConfigurationPlatforms) = postSolution
		{0A4475A4-B48C-46F3-8533-242C89E9262C}.Debug|Any CPU.ActiveCfg = Debug|Any CPU
		{0A4475A4-B48C-46F3-8533-242C89E9262C}.Debug|Any CPU.Build.0 = Debug|Any CPU
		{0A4475A4-B48C-46F3-8533-242C89E9262C}.Release|Any CPU.ActiveCfg = Release|Any CPU
		{0A4475A4-B48C-46F3-8533-242C89E9262C}.Release|Any CPU.Build.0 = Release|Any CPU
		{468A7490-F9A9-4353-861A-C4AA2C39C995}.Debug|Any CPU.ActiveCfg = Debug|Any CPU
		{468A7490-F9A9-4353-861A-C4AA2C39C995}.Debug|Any CPU.Build.0 = Debug|Any CPU
		{468A7490-F9A9-4353-861A-C4AA2C39C995}.Release|Any CPU.ActiveCfg = Release|Any CPU
		{468A7490-F9A9-4353-861A-C4AA2C39C995}.Release|Any CPU.Build.0 = Release|Any CPU
	EndGlobalSection
	GlobalSection(SolutionProperties) = preSolution
		HideSolutionNode = FALSE
	EndGlobalSection
	GlobalSection(ExtensibilityGlobals) = postSolution
		SolutionGuid = {94B1E9E5-921E-4018-8741-0E0296D9A1E1}
	EndGlobalSection
EndGlobal
