
Microsoft Visual Studio Solution File, Format Version 12.00
# Visual Studio 15
VisualStudioVersion = 15.0.27703.2042
MinimumVisualStudioVersion = 10.0.40219.1
Project("{9A19103F-16F7-4668-BE54-9A1E7A4F7556}") = "ReverseNumber", "ReverseNumber\ReverseNumber.csproj", "{A0F06140-E380-4A65-8F61-B24223F62B20}"
EndProject
Project("{9A19103F-16F7-4668-BE54-9A1E7A4F7556}") = "BasicStackOperations", "BasicStackOperations\BasicStackOperations.csproj", "{8313D563-0D2E-4352-9A73-1A7546198323}"
EndProject
Project("{FAE04EC0-301F-11D3-BF4B-00C04F79EFBC}") = "MaximumElement", "MaximumElement\MaximumElement.csproj", "{C29B61E3-8E9C-4238-B6DA-9D87A7B7492F}"
EndProject
Project("{FAE04EC0-301F-11D3-BF4B-00C04F79EFBC}") = "BasicQueueOperations", "BasicQueueOperations\BasicQueueOperations.csproj", "{0FA3D3D6-5E8F-467B-BFB6-54915CA39B4F}"
EndProject
Global
	GlobalSection(SolutionConfigurationPlatforms) = preSolution
		Debug|Any CPU = Debug|Any CPU
		Release|Any CPU = Release|Any CPU
	EndGlobalSection
	GlobalSection(ProjectConfigurationPlatforms) = postSolution
		{A0F06140-E380-4A65-8F61-B24223F62B20}.Debug|Any CPU.ActiveCfg = Debug|Any CPU
		{A0F06140-E380-4A65-8F61-B24223F62B20}.Debug|Any CPU.Build.0 = Debug|Any CPU
		{A0F06140-E380-4A65-8F61-B24223F62B20}.Release|Any CPU.ActiveCfg = Release|Any CPU
		{A0F06140-E380-4A65-8F61-B24223F62B20}.Release|Any CPU.Build.0 = Release|Any CPU
		{8313D563-0D2E-4352-9A73-1A7546198323}.Debug|Any CPU.ActiveCfg = Debug|Any CPU
		{8313D563-0D2E-4352-9A73-1A7546198323}.Debug|Any CPU.Build.0 = Debug|Any CPU
		{8313D563-0D2E-4352-9A73-1A7546198323}.Release|Any CPU.ActiveCfg = Release|Any CPU
		{8313D563-0D2E-4352-9A73-1A7546198323}.Release|Any CPU.Build.0 = Release|Any CPU
		{C29B61E3-8E9C-4238-B6DA-9D87A7B7492F}.Debug|Any CPU.ActiveCfg = Debug|Any CPU
		{C29B61E3-8E9C-4238-B6DA-9D87A7B7492F}.Debug|Any CPU.Build.0 = Debug|Any CPU
		{C29B61E3-8E9C-4238-B6DA-9D87A7B7492F}.Release|Any CPU.ActiveCfg = Release|Any CPU
		{C29B61E3-8E9C-4238-B6DA-9D87A7B7492F}.Release|Any CPU.Build.0 = Release|Any CPU
		{0FA3D3D6-5E8F-467B-BFB6-54915CA39B4F}.Debug|Any CPU.ActiveCfg = Debug|Any CPU
		{0FA3D3D6-5E8F-467B-BFB6-54915CA39B4F}.Debug|Any CPU.Build.0 = Debug|Any CPU
		{0FA3D3D6-5E8F-467B-BFB6-54915CA39B4F}.Release|Any CPU.ActiveCfg = Release|Any CPU
		{0FA3D3D6-5E8F-467B-BFB6-54915CA39B4F}.Release|Any CPU.Build.0 = Release|Any CPU
	EndGlobalSection
	GlobalSection(SolutionProperties) = preSolution
		HideSolutionNode = FALSE
	EndGlobalSection
	GlobalSection(ExtensibilityGlobals) = postSolution
		SolutionGuid = {394D5C4A-B4EE-497E-8203-81CE255069E0}
	EndGlobalSection
EndGlobal
