
Microsoft Visual Studio Solution File, Format Version 12.00
# Visual Studio 15
VisualStudioVersion = 15.0.28010.2046
MinimumVisualStudioVersion = 10.0.40219.1
Project("{9A19103F-16F7-4668-BE54-9A1E7A4F7556}") = "BoxOfT", "BoxOfT\BoxOfT.csproj", "{BD8E8B0F-F237-4261-B835-9C1B04CDFAA4}"
EndProject
Project("{9A19103F-16F7-4668-BE54-9A1E7A4F7556}") = "GenericArrayCreator", "GenericArrayCreator\GenericArrayCreator.csproj", "{3800D2AF-B2E4-41AB-871C-FC33A5DCF651}"
EndProject
Project("{FAE04EC0-301F-11D3-BF4B-00C04F79EFBC}") = "GenericScale", "GenericScale\GenericScale.csproj", "{CA319D61-4B92-4F99-A8A4-7F6D9CC73C15}"
EndProject
Global
	GlobalSection(SolutionConfigurationPlatforms) = preSolution
		Debug|Any CPU = Debug|Any CPU
		Release|Any CPU = Release|Any CPU
	EndGlobalSection
	GlobalSection(ProjectConfigurationPlatforms) = postSolution
		{BD8E8B0F-F237-4261-B835-9C1B04CDFAA4}.Debug|Any CPU.ActiveCfg = Debug|Any CPU
		{BD8E8B0F-F237-4261-B835-9C1B04CDFAA4}.Debug|Any CPU.Build.0 = Debug|Any CPU
		{BD8E8B0F-F237-4261-B835-9C1B04CDFAA4}.Release|Any CPU.ActiveCfg = Release|Any CPU
		{BD8E8B0F-F237-4261-B835-9C1B04CDFAA4}.Release|Any CPU.Build.0 = Release|Any CPU
		{3800D2AF-B2E4-41AB-871C-FC33A5DCF651}.Debug|Any CPU.ActiveCfg = Debug|Any CPU
		{3800D2AF-B2E4-41AB-871C-FC33A5DCF651}.Debug|Any CPU.Build.0 = Debug|Any CPU
		{3800D2AF-B2E4-41AB-871C-FC33A5DCF651}.Release|Any CPU.ActiveCfg = Release|Any CPU
		{3800D2AF-B2E4-41AB-871C-FC33A5DCF651}.Release|Any CPU.Build.0 = Release|Any CPU
		{CA319D61-4B92-4F99-A8A4-7F6D9CC73C15}.Debug|Any CPU.ActiveCfg = Debug|Any CPU
		{CA319D61-4B92-4F99-A8A4-7F6D9CC73C15}.Debug|Any CPU.Build.0 = Debug|Any CPU
		{CA319D61-4B92-4F99-A8A4-7F6D9CC73C15}.Release|Any CPU.ActiveCfg = Release|Any CPU
		{CA319D61-4B92-4F99-A8A4-7F6D9CC73C15}.Release|Any CPU.Build.0 = Release|Any CPU
	EndGlobalSection
	GlobalSection(SolutionProperties) = preSolution
		HideSolutionNode = FALSE
	EndGlobalSection
	GlobalSection(ExtensibilityGlobals) = postSolution
		SolutionGuid = {BFA545A8-5EAA-4E07-A0AE-F292C08963EC}
	EndGlobalSection
EndGlobal
