
Microsoft Visual Studio Solution File, Format Version 12.00
# Visual Studio 15
VisualStudioVersion = 15.0.28010.2046
MinimumVisualStudioVersion = 10.0.40219.1
Project("{FAE04EC0-301F-11D3-BF4B-00C04F79EFBC}") = "Library", "Library\Library.csproj", "{D8B42AF0-C743-4A1F-A0E1-EEB94064C6CD}"
EndProject
Global
	GlobalSection(SolutionConfigurationPlatforms) = preSolution
		Debug|Any CPU = Debug|Any CPU
		Release|Any CPU = Release|Any CPU
	EndGlobalSection
	GlobalSection(ProjectConfigurationPlatforms) = postSolution
		{D8B42AF0-C743-4A1F-A0E1-EEB94064C6CD}.Debug|Any CPU.ActiveCfg = Debug|Any CPU
		{D8B42AF0-C743-4A1F-A0E1-EEB94064C6CD}.Debug|Any CPU.Build.0 = Debug|Any CPU
		{D8B42AF0-C743-4A1F-A0E1-EEB94064C6CD}.Release|Any CPU.ActiveCfg = Release|Any CPU
		{D8B42AF0-C743-4A1F-A0E1-EEB94064C6CD}.Release|Any CPU.Build.0 = Release|Any CPU
	EndGlobalSection
	GlobalSection(SolutionProperties) = preSolution
		HideSolutionNode = FALSE
	EndGlobalSection
	GlobalSection(ExtensibilityGlobals) = postSolution
		SolutionGuid = {44820C4A-2808-42A5-BE36-D3C451CF94F2}
	EndGlobalSection
EndGlobal
