
Microsoft Visual Studio Solution File, Format Version 12.00
# Visual Studio 15
VisualStudioVersion = 15.0.28010.2046
MinimumVisualStudioVersion = 10.0.40219.1
Project("{9A19103F-16F7-4668-BE54-9A1E7A4F7556}") = "DefineAnInterfaceIPerson", "DefineAnInterfaceIPerson\DefineAnInterfaceIPerson.csproj", "{D608AE5B-91F1-4A6A-8A3A-4F6A95BB9924}"
EndProject
Project("{9A19103F-16F7-4668-BE54-9A1E7A4F7556}") = "MultipleImplementation", "MultipleImplementation\MultipleImplementation.csproj", "{7DDBA2A5-F181-4039-BE00-46B3BFFF0FC8}"
EndProject
Project("{9A19103F-16F7-4668-BE54-9A1E7A4F7556}") = "Ferrari", "Ferrari\Ferrari.csproj", "{DD9AFD50-1869-44B5-AEBD-B40F92A5685E}"
EndProject
Project("{9A19103F-16F7-4668-BE54-9A1E7A4F7556}") = "Telephony", "Telephony\Telephony.csproj", "{89F14482-E680-45CE-A5D6-C29DAEEDD544}"
EndProject
Project("{9A19103F-16F7-4668-BE54-9A1E7A4F7556}") = "BorderControl", "BorderControl\BorderControl.csproj", "{A0D05681-6289-4844-AC20-A4B1B83D18B4}"
EndProject
Project("{9A19103F-16F7-4668-BE54-9A1E7A4F7556}") = "BirthdayCelebrations", "BirthdayCelebrations\BirthdayCelebrations.csproj", "{38BCB1BB-463D-4AE0-8BB7-2B96E12A9DFD}"
EndProject
Project("{9A19103F-16F7-4668-BE54-9A1E7A4F7556}") = "FoodShortage", "FoodShortage\FoodShortage.csproj", "{CFA524E0-7D5A-41DD-B93E-10223AC70D62}"
EndProject
Project("{9A19103F-16F7-4668-BE54-9A1E7A4F7556}") = "MilitaryElite", "MilitaryElite\MilitaryElite.csproj", "{947484AE-4089-43C6-9C16-9583D25127C8}"
EndProject
Project("{FAE04EC0-301F-11D3-BF4B-00C04F79EFBC}") = "CollectionHierarchy", "CollectionHierarchy\CollectionHierarchy.csproj", "{2D282938-9170-47C0-9FA3-1369784D4472}"
EndProject
Project("{FAE04EC0-301F-11D3-BF4B-00C04F79EFBC}") = "ExplicitInterfaces", "ExplicitInterfaces\ExplicitInterfaces.csproj", "{6F0903E5-2351-4203-9FA6-C349E51D4A8F}"
EndProject
Global
	GlobalSection(SolutionConfigurationPlatforms) = preSolution
		Debug|Any CPU = Debug|Any CPU
		Release|Any CPU = Release|Any CPU
	EndGlobalSection
	GlobalSection(ProjectConfigurationPlatforms) = postSolution
		{D608AE5B-91F1-4A6A-8A3A-4F6A95BB9924}.Debug|Any CPU.ActiveCfg = Debug|Any CPU
		{D608AE5B-91F1-4A6A-8A3A-4F6A95BB9924}.Debug|Any CPU.Build.0 = Debug|Any CPU
		{D608AE5B-91F1-4A6A-8A3A-4F6A95BB9924}.Release|Any CPU.ActiveCfg = Release|Any CPU
		{D608AE5B-91F1-4A6A-8A3A-4F6A95BB9924}.Release|Any CPU.Build.0 = Release|Any CPU
		{7DDBA2A5-F181-4039-BE00-46B3BFFF0FC8}.Debug|Any CPU.ActiveCfg = Debug|Any CPU
		{7DDBA2A5-F181-4039-BE00-46B3BFFF0FC8}.Debug|Any CPU.Build.0 = Debug|Any CPU
		{7DDBA2A5-F181-4039-BE00-46B3BFFF0FC8}.Release|Any CPU.ActiveCfg = Release|Any CPU
		{7DDBA2A5-F181-4039-BE00-46B3BFFF0FC8}.Release|Any CPU.Build.0 = Release|Any CPU
		{DD9AFD50-1869-44B5-AEBD-B40F92A5685E}.Debug|Any CPU.ActiveCfg = Debug|Any CPU
		{DD9AFD50-1869-44B5-AEBD-B40F92A5685E}.Debug|Any CPU.Build.0 = Debug|Any CPU
		{DD9AFD50-1869-44B5-AEBD-B40F92A5685E}.Release|Any CPU.ActiveCfg = Release|Any CPU
		{DD9AFD50-1869-44B5-AEBD-B40F92A5685E}.Release|Any CPU.Build.0 = Release|Any CPU
		{89F14482-E680-45CE-A5D6-C29DAEEDD544}.Debug|Any CPU.ActiveCfg = Debug|Any CPU
		{89F14482-E680-45CE-A5D6-C29DAEEDD544}.Debug|Any CPU.Build.0 = Debug|Any CPU
		{89F14482-E680-45CE-A5D6-C29DAEEDD544}.Release|Any CPU.ActiveCfg = Release|Any CPU
		{89F14482-E680-45CE-A5D6-C29DAEEDD544}.Release|Any CPU.Build.0 = Release|Any CPU
		{A0D05681-6289-4844-AC20-A4B1B83D18B4}.Debug|Any CPU.ActiveCfg = Debug|Any CPU
		{A0D05681-6289-4844-AC20-A4B1B83D18B4}.Debug|Any CPU.Build.0 = Debug|Any CPU
		{A0D05681-6289-4844-AC20-A4B1B83D18B4}.Release|Any CPU.ActiveCfg = Release|Any CPU
		{A0D05681-6289-4844-AC20-A4B1B83D18B4}.Release|Any CPU.Build.0 = Release|Any CPU
		{38BCB1BB-463D-4AE0-8BB7-2B96E12A9DFD}.Debug|Any CPU.ActiveCfg = Debug|Any CPU
		{38BCB1BB-463D-4AE0-8BB7-2B96E12A9DFD}.Debug|Any CPU.Build.0 = Debug|Any CPU
		{38BCB1BB-463D-4AE0-8BB7-2B96E12A9DFD}.Release|Any CPU.ActiveCfg = Release|Any CPU
		{38BCB1BB-463D-4AE0-8BB7-2B96E12A9DFD}.Release|Any CPU.Build.0 = Release|Any CPU
		{CFA524E0-7D5A-41DD-B93E-10223AC70D62}.Debug|Any CPU.ActiveCfg = Debug|Any CPU
		{CFA524E0-7D5A-41DD-B93E-10223AC70D62}.Debug|Any CPU.Build.0 = Debug|Any CPU
		{CFA524E0-7D5A-41DD-B93E-10223AC70D62}.Release|Any CPU.ActiveCfg = Release|Any CPU
		{CFA524E0-7D5A-41DD-B93E-10223AC70D62}.Release|Any CPU.Build.0 = Release|Any CPU
		{947484AE-4089-43C6-9C16-9583D25127C8}.Debug|Any CPU.ActiveCfg = Debug|Any CPU
		{947484AE-4089-43C6-9C16-9583D25127C8}.Debug|Any CPU.Build.0 = Debug|Any CPU
		{947484AE-4089-43C6-9C16-9583D25127C8}.Release|Any CPU.ActiveCfg = Release|Any CPU
		{947484AE-4089-43C6-9C16-9583D25127C8}.Release|Any CPU.Build.0 = Release|Any CPU
		{2D282938-9170-47C0-9FA3-1369784D4472}.Debug|Any CPU.ActiveCfg = Debug|Any CPU
		{2D282938-9170-47C0-9FA3-1369784D4472}.Debug|Any CPU.Build.0 = Debug|Any CPU
		{2D282938-9170-47C0-9FA3-1369784D4472}.Release|Any CPU.ActiveCfg = Release|Any CPU
		{2D282938-9170-47C0-9FA3-1369784D4472}.Release|Any CPU.Build.0 = Release|Any CPU
		{6F0903E5-2351-4203-9FA6-C349E51D4A8F}.Debug|Any CPU.ActiveCfg = Debug|Any CPU
		{6F0903E5-2351-4203-9FA6-C349E51D4A8F}.Debug|Any CPU.Build.0 = Debug|Any CPU
		{6F0903E5-2351-4203-9FA6-C349E51D4A8F}.Release|Any CPU.ActiveCfg = Release|Any CPU
		{6F0903E5-2351-4203-9FA6-C349E51D4A8F}.Release|Any CPU.Build.0 = Release|Any CPU
	EndGlobalSection
	GlobalSection(SolutionProperties) = preSolution
		HideSolutionNode = FALSE
	EndGlobalSection
	GlobalSection(ExtensibilityGlobals) = postSolution
		SolutionGuid = {1EDB48EF-8614-402A-BEE4-9F434280D2C0}
	EndGlobalSection
EndGlobal
