
Microsoft Visual Studio Solution File, Format Version 12.00
# Visual Studio 15
VisualStudioVersion = 15.0.28010.2046
MinimumVisualStudioVersion = 10.0.40219.1
Project("{9A19103F-16F7-4668-BE54-9A1E7A4F7556}") = "CarsSalesman", "CarsSalesman.csproj", "{7FB5EBB6-89A9-4E25-8980-C2BF3CE6A947}"
EndProject
Global
	GlobalSection(SolutionConfigurationPlatforms) = preSolution
		Debug|Any CPU = Debug|Any CPU
		Release|Any CPU = Release|Any CPU
	EndGlobalSection
	GlobalSection(ProjectConfigurationPlatforms) = postSolution
		{7FB5EBB6-89A9-4E25-8980-C2BF3CE6A947}.Debug|Any CPU.ActiveCfg = Debug|Any CPU
		{7FB5EBB6-89A9-4E25-8980-C2BF3CE6A947}.Debug|Any CPU.Build.0 = Debug|Any CPU
		{7FB5EBB6-89A9-4E25-8980-C2BF3CE6A947}.Release|Any CPU.ActiveCfg = Release|Any CPU
		{7FB5EBB6-89A9-4E25-8980-C2BF3CE6A947}.Release|Any CPU.Build.0 = Release|Any CPU
	EndGlobalSection
	GlobalSection(SolutionProperties) = preSolution
		HideSolutionNode = FALSE
	EndGlobalSection
	GlobalSection(ExtensibilityGlobals) = postSolution
		SolutionGuid = {BB26A014-B34A-4876-958D-0F659D6616B2}
	EndGlobalSection
EndGlobal
