
Microsoft Visual Studio Solution File, Format Version 12.00
# Visual Studio 15
VisualStudioVersion = 15.0.28010.2046
MinimumVisualStudioVersion = 10.0.40219.1
Project("{9A19103F-16F7-4668-BE54-9A1E7A4F7556}") = "GenericBox", "GenericBox\GenericBox.csproj", "{166CDFBD-FB73-4928-A180-B4E27B22A865}"
EndProject
Project("{9A19103F-16F7-4668-BE54-9A1E7A4F7556}") = "GenericBoxOfString", "GenericBoxOfString\GenericBoxOfString.csproj", "{6E435DB8-2B98-4994-B84E-DB37DEA01B5F}"
EndProject
Project("{9A19103F-16F7-4668-BE54-9A1E7A4F7556}") = "GenericBoxOfIntegers", "GenericBoxOfIntegers\GenericBoxOfIntegers.csproj", "{95483393-DDA9-4986-9A6A-7C375A84A14E}"
EndProject
Project("{9A19103F-16F7-4668-BE54-9A1E7A4F7556}") = "GenericSwapMethodStrings", "GenericSwapMethodStrings\GenericSwapMethodStrings.csproj", "{FCD78040-AF58-4C94-BFED-CC2A8A7D3956}"
EndProject
Project("{9A19103F-16F7-4668-BE54-9A1E7A4F7556}") = "GenericSwapMethodIntegers", "GenericSwapMethodIntegers\GenericSwapMethodIntegers.csproj", "{3F0D99A9-BE87-4079-AC18-9FE7FC812BE3}"
EndProject
Project("{9A19103F-16F7-4668-BE54-9A1E7A4F7556}") = "GenericCountMethodString", "GenericCountMethodString\GenericCountMethodString.csproj", "{A4432C2D-1DDF-4203-A530-483D68CEDFFC}"
EndProject
Project("{9A19103F-16F7-4668-BE54-9A1E7A4F7556}") = "GenericCountMethodDouble", "GenericCountMethodDouble\GenericCountMethodDouble.csproj", "{256A5FA6-62A3-4DC4-93E3-B87BDF16927C}"
EndProject
Project("{9A19103F-16F7-4668-BE54-9A1E7A4F7556}") = "CustomList", "CustomList\CustomList.csproj", "{D3D1B17D-8D9F-4F5E-9777-0D2C0C3A6D36}"
EndProject
Project("{9A19103F-16F7-4668-BE54-9A1E7A4F7556}") = "CustomListSorter", "CustomListSorter\CustomListSorter.csproj", "{6220D68A-533B-4F6F-9573-4415C96079B9}"
EndProject
Project("{FAE04EC0-301F-11D3-BF4B-00C04F79EFBC}") = "Tuple", "Tuple\Tuple.csproj", "{D141B1E9-E3AF-4586-9DFF-9531908ED210}"
EndProject
Project("{FAE04EC0-301F-11D3-BF4B-00C04F79EFBC}") = "Threeuple", "Threeuple\Threeuple.csproj", "{DFCF3DBE-DE08-44BD-8A64-9C8B1701352C}"
EndProject
Global
	GlobalSection(SolutionConfigurationPlatforms) = preSolution
		Debug|Any CPU = Debug|Any CPU
		Release|Any CPU = Release|Any CPU
	EndGlobalSection
	GlobalSection(ProjectConfigurationPlatforms) = postSolution
		{166CDFBD-FB73-4928-A180-B4E27B22A865}.Debug|Any CPU.ActiveCfg = Debug|Any CPU
		{166CDFBD-FB73-4928-A180-B4E27B22A865}.Debug|Any CPU.Build.0 = Debug|Any CPU
		{166CDFBD-FB73-4928-A180-B4E27B22A865}.Release|Any CPU.ActiveCfg = Release|Any CPU
		{166CDFBD-FB73-4928-A180-B4E27B22A865}.Release|Any CPU.Build.0 = Release|Any CPU
		{6E435DB8-2B98-4994-B84E-DB37DEA01B5F}.Debug|Any CPU.ActiveCfg = Debug|Any CPU
		{6E435DB8-2B98-4994-B84E-DB37DEA01B5F}.Debug|Any CPU.Build.0 = Debug|Any CPU
		{6E435DB8-2B98-4994-B84E-DB37DEA01B5F}.Release|Any CPU.ActiveCfg = Release|Any CPU
		{6E435DB8-2B98-4994-B84E-DB37DEA01B5F}.Release|Any CPU.Build.0 = Release|Any CPU
		{95483393-DDA9-4986-9A6A-7C375A84A14E}.Debug|Any CPU.ActiveCfg = Debug|Any CPU
		{95483393-DDA9-4986-9A6A-7C375A84A14E}.Debug|Any CPU.Build.0 = Debug|Any CPU
		{95483393-DDA9-4986-9A6A-7C375A84A14E}.Release|Any CPU.ActiveCfg = Release|Any CPU
		{95483393-DDA9-4986-9A6A-7C375A84A14E}.Release|Any CPU.Build.0 = Release|Any CPU
		{FCD78040-AF58-4C94-BFED-CC2A8A7D3956}.Debug|Any CPU.ActiveCfg = Debug|Any CPU
		{FCD78040-AF58-4C94-BFED-CC2A8A7D3956}.Debug|Any CPU.Build.0 = Debug|Any CPU
		{FCD78040-AF58-4C94-BFED-CC2A8A7D3956}.Release|Any CPU.ActiveCfg = Release|Any CPU
		{FCD78040-AF58-4C94-BFED-CC2A8A7D3956}.Release|Any CPU.Build.0 = Release|Any CPU
		{3F0D99A9-BE87-4079-AC18-9FE7FC812BE3}.Debug|Any CPU.ActiveCfg = Debug|Any CPU
		{3F0D99A9-BE87-4079-AC18-9FE7FC812BE3}.Debug|Any CPU.Build.0 = Debug|Any CPU
		{3F0D99A9-BE87-4079-AC18-9FE7FC812BE3}.Release|Any CPU.ActiveCfg = Release|Any CPU
		{3F0D99A9-BE87-4079-AC18-9FE7FC812BE3}.Release|Any CPU.Build.0 = Release|Any CPU
		{A4432C2D-1DDF-4203-A530-483D68CEDFFC}.Debug|Any CPU.ActiveCfg = Debug|Any CPU
		{A4432C2D-1DDF-4203-A530-483D68CEDFFC}.Debug|Any CPU.Build.0 = Debug|Any CPU
		{A4432C2D-1DDF-4203-A530-483D68CEDFFC}.Release|Any CPU.ActiveCfg = Release|Any CPU
		{A4432C2D-1DDF-4203-A530-483D68CEDFFC}.Release|Any CPU.Build.0 = Release|Any CPU
		{256A5FA6-62A3-4DC4-93E3-B87BDF16927C}.Debug|Any CPU.ActiveCfg = Debug|Any CPU
		{256A5FA6-62A3-4DC4-93E3-B87BDF16927C}.Debug|Any CPU.Build.0 = Debug|Any CPU
		{256A5FA6-62A3-4DC4-93E3-B87BDF16927C}.Release|Any CPU.ActiveCfg = Release|Any CPU
		{256A5FA6-62A3-4DC4-93E3-B87BDF16927C}.Release|Any CPU.Build.0 = Release|Any CPU
		{D3D1B17D-8D9F-4F5E-9777-0D2C0C3A6D36}.Debug|Any CPU.ActiveCfg = Debug|Any CPU
		{D3D1B17D-8D9F-4F5E-9777-0D2C0C3A6D36}.Debug|Any CPU.Build.0 = Debug|Any CPU
		{D3D1B17D-8D9F-4F5E-9777-0D2C0C3A6D36}.Release|Any CPU.ActiveCfg = Release|Any CPU
		{D3D1B17D-8D9F-4F5E-9777-0D2C0C3A6D36}.Release|Any CPU.Build.0 = Release|Any CPU
		{6220D68A-533B-4F6F-9573-4415C96079B9}.Debug|Any CPU.ActiveCfg = Debug|Any CPU
		{6220D68A-533B-4F6F-9573-4415C96079B9}.Debug|Any CPU.Build.0 = Debug|Any CPU
		{6220D68A-533B-4F6F-9573-4415C96079B9}.Release|Any CPU.ActiveCfg = Release|Any CPU
		{6220D68A-533B-4F6F-9573-4415C96079B9}.Release|Any CPU.Build.0 = Release|Any CPU
		{D141B1E9-E3AF-4586-9DFF-9531908ED210}.Debug|Any CPU.ActiveCfg = Debug|Any CPU
		{D141B1E9-E3AF-4586-9DFF-9531908ED210}.Debug|Any CPU.Build.0 = Debug|Any CPU
		{D141B1E9-E3AF-4586-9DFF-9531908ED210}.Release|Any CPU.ActiveCfg = Release|Any CPU
		{D141B1E9-E3AF-4586-9DFF-9531908ED210}.Release|Any CPU.Build.0 = Release|Any CPU
		{DFCF3DBE-DE08-44BD-8A64-9C8B1701352C}.Debug|Any CPU.ActiveCfg = Debug|Any CPU
		{DFCF3DBE-DE08-44BD-8A64-9C8B1701352C}.Debug|Any CPU.Build.0 = Debug|Any CPU
		{DFCF3DBE-DE08-44BD-8A64-9C8B1701352C}.Release|Any CPU.ActiveCfg = Release|Any CPU
		{DFCF3DBE-DE08-44BD-8A64-9C8B1701352C}.Release|Any CPU.Build.0 = Release|Any CPU
	EndGlobalSection
	GlobalSection(SolutionProperties) = preSolution
		HideSolutionNode = FALSE
	EndGlobalSection
	GlobalSection(ExtensibilityGlobals) = postSolution
		SolutionGuid = {4BB3080A-7656-4039-8F43-F9299D9B86E8}
	EndGlobalSection
EndGlobal
