
Microsoft Visual Studio Solution File, Format Version 12.00
# Visual Studio 15
VisualStudioVersion = 15.0.28010.2046
MinimumVisualStudioVersion = 10.0.40219.1
Project("{9A19103F-16F7-4668-BE54-9A1E7A4F7556}") = "JediGalaxy", "JediGalaxy.csproj", "{22AC666E-8315-4943-94C0-47A506EA7BEE}"
EndProject
Global
	GlobalSection(SolutionConfigurationPlatforms) = preSolution
		Debug|Any CPU = Debug|Any CPU
		Release|Any CPU = Release|Any CPU
	EndGlobalSection
	GlobalSection(ProjectConfigurationPlatforms) = postSolution
		{22AC666E-8315-4943-94C0-47A506EA7BEE}.Debug|Any CPU.ActiveCfg = Debug|Any CPU
		{22AC666E-8315-4943-94C0-47A506EA7BEE}.Debug|Any CPU.Build.0 = Debug|Any CPU
		{22AC666E-8315-4943-94C0-47A506EA7BEE}.Release|Any CPU.ActiveCfg = Release|Any CPU
		{22AC666E-8315-4943-94C0-47A506EA7BEE}.Release|Any CPU.Build.0 = Release|Any CPU
	EndGlobalSection
	GlobalSection(SolutionProperties) = preSolution
		HideSolutionNode = FALSE
	EndGlobalSection
	GlobalSection(ExtensibilityGlobals) = postSolution
		SolutionGuid = {ADC279F8-2548-47D5-B340-D4D7D1DFAD9D}
	EndGlobalSection
EndGlobal
